// !$*UTF8*$!
{
	archiveVersion = 1;
	classes = {
	};
	objectVersion = 63;
	objects = {

/* Begin PBXBuildFile section */
		02C4CE0B1320A67BBF578263 /* TubifyApp.swift in Sources */ = {isa = PBXBuildFile; fileRef = A44ECF8881FAB3E657F8FCAD /* TubifyApp.swift */; };
		A1B2C3D4E5F6789012345678 /* Assets.xcassets in Resources */ = {isa = PBXBuildFile; fileRef = B2C3D4E5F6789012345678A1 /* Assets.xcassets */; };
		060C5193E130325111314B69 /* YouTubeMetadataServiceTests.swift in Sources */ = {isa = PBXBuildFile; fileRef = 3F614B343FA3EF55C77F02A1 /* YouTubeMetadataServiceTests.swift */; };
		07691B56D9D1D64B3EBD9CB6 /* PremiereErrorParserTests.swift in Sources */ = {isa = PBXBuildFile; fileRef = 7DAE150F1AF830DF89DE33B2 /* PremiereErrorParserTests.swift */; };
		212AAF34444F4E7456F50B21 /* DownloadItemView.swift in Sources */ = {isa = PBXBuildFile; fileRef = 92F4011B6FFCBC1F7193FDD3 /* DownloadItemView.swift */; };
		25F7A1662ED3A48695BB3824 /* SettingsView.swift in Sources */ = {isa = PBXBuildFile; fileRef = 345AA1EE74AF5EFA1829B291 /* SettingsView.swift */; };
		6160F89C21556B3D4731DDBD /* YouTubeMetadataService.swift in Sources */ = {isa = PBXBuildFile; fileRef = 5E3CBC495E00CB65FBBB39DC /* YouTubeMetadataService.swift */; };
		65CB75E79E8A5D2A50D70F41 /* PermissionService.swift in Sources */ = {isa = PBXBuildFile; fileRef = BD110BD56C1F54E7333B92DA /* PermissionService.swift */; };
		74417089AD46AB141DDD3AF5 /* AppSettings.swift in Sources */ = {isa = PBXBuildFile; fileRef = 7B1861C7487DDFADC5E6A40B /* AppSettings.swift */; };
		77F48A65E13C25E4269ABF0E /* YTDLPService.swift in Sources */ = {isa = PBXBuildFile; fileRef = 644BFB8F58A30DF3B66C8E4E /* YTDLPService.swift */; };
		888A4ADB770C69D94B881679 /* SafariCookiesService.swift in Sources */ = {isa = PBXBuildFile; fileRef = 729614B0A0CFED38AEA1A4CA /* SafariCookiesService.swift */; };
		8BA95BA87A60E31C7644B309 /* YTDLPServiceTests.swift in Sources */ = {isa = PBXBuildFile; fileRef = 551DBCC97D37881B53AA3F66 /* YTDLPServiceTests.swift */; };
		902E79E3B4284B909393FB2C /* DownloadTask.swift in Sources */ = {isa = PBXBuildFile; fileRef = 8A9847C5AD0C41FEB8563FC3 /* DownloadTask.swift */; };
		94F2DB927CAD21242C8680BF /* ContentView.swift in Sources */ = {isa = PBXBuildFile; fileRef = 44C08970ACCDAA7691461E10 /* ContentView.swift */; };
		96781B6921245C33C992D231 /* URLValidationTests.swift in Sources */ = {isa = PBXBuildFile; fileRef = 27FA3E7C8810E2DD3D783593 /* URLValidationTests.swift */; };
		A5133C8B045F8477AD986E02 /* DownloadTaskTests.swift in Sources */ = {isa = PBXBuildFile; fileRef = 8C99522A3C5241F5B0BB160A /* DownloadTaskTests.swift */; };
		BCD604B18AFED60EAE3CF48C /* PremiereErrorParser.swift in Sources */ = {isa = PBXBuildFile; fileRef = 72AD088C85DB93491D3D0928 /* PremiereErrorParser.swift */; };
		BD1FE5AAA01D463DA43E76B2 /* DownloadManager.swift in Sources */ = {isa = PBXBuildFile; fileRef = 0D4F49C12534415A645F3C44 /* DownloadManager.swift */; };
		C71926994535505153FC4AEF /* NotificationService.swift in Sources */ = {isa = PBXBuildFile; fileRef = E899875AB33A3557093ED50B /* NotificationService.swift */; };
		D348C0FAAA322EADA614BA14 /* Logger.swift in Sources */ = {isa = PBXBuildFile; fileRef = 4C5FE8EA69573F2FB899C4F1 /* Logger.swift */; };
		F6AF5AD1C0457F8D5C560E40 /* EmptyStateView.swift in Sources */ = {isa = PBXBuildFile; fileRef = 90FDB53F7F4996C674F7E7E2 /* EmptyStateView.swift */; };
		FC58597FD186D9CF84D07939 /* PersistenceService.swift in Sources */ = {isa = PBXBuildFile; fileRef = 92B5992FEF733EEB5117091F /* PersistenceService.swift */; };
/* End PBXBuildFile section */

/* Begin PBXContainerItemProxy section */
		6FF2A0BABB30ECDE2590887A /* PBXContainerItemProxy */ = {
			isa = PBXContainerItemProxy;
			containerPortal = 32414C707DB10641C87556C0 /* Project object */;
			proxyType = 1;
			remoteGlobalIDString = C668974EDFC52C683AA28284;
			remoteInfo = Tubify;
		};
/* End PBXContainerItemProxy section */

/* Begin PBXFileReference section */
		0D4F49C12534415A645F3C44 /* DownloadManager.swift */ = {isa = PBXFileReference; lastKnownFileType = sourcecode.swift; path = DownloadManager.swift; sourceTree = "<group>"; };
		B2C3D4E5F6789012345678A1 /* Assets.xcassets */ = {isa = PBXFileReference; lastKnownFileType = folder.assetcatalog; path = Assets.xcassets; sourceTree = "<group>"; };
		27FA3E7C8810E2DD3D783593 /* URLValidationTests.swift */ = {isa = PBXFileReference; lastKnownFileType = sourcecode.swift; path = URLValidationTests.swift; sourceTree = "<group>"; };
		345AA1EE74AF5EFA1829B291 /* SettingsView.swift */ = {isa = PBXFileReference; lastKnownFileType = sourcecode.swift; path = SettingsView.swift; sourceTree = "<group>"; };
		3F614B343FA3EF55C77F02A1 /* YouTubeMetadataServiceTests.swift */ = {isa = PBXFileReference; lastKnownFileType = sourcecode.swift; path = YouTubeMetadataServiceTests.swift; sourceTree = "<group>"; };
		44C08970ACCDAA7691461E10 /* ContentView.swift */ = {isa = PBXFileReference; lastKnownFileType = sourcecode.swift; path = ContentView.swift; sourceTree = "<group>"; };
		4C5FE8EA69573F2FB899C4F1 /* Logger.swift */ = {isa = PBXFileReference; lastKnownFileType = sourcecode.swift; path = Logger.swift; sourceTree = "<group>"; };
		551DBCC97D37881B53AA3F66 /* YTDLPServiceTests.swift */ = {isa = PBXFileReference; lastKnownFileType = sourcecode.swift; path = YTDLPServiceTests.swift; sourceTree = "<group>"; };
		5E3CBC495E00CB65FBBB39DC /* YouTubeMetadataService.swift */ = {isa = PBXFileReference; lastKnownFileType = sourcecode.swift; path = YouTubeMetadataService.swift; sourceTree = "<group>"; };
		644BFB8F58A30DF3B66C8E4E /* YTDLPService.swift */ = {isa = PBXFileReference; lastKnownFileType = sourcecode.swift; path = YTDLPService.swift; sourceTree = "<group>"; };
		6BE1AE51AC18C3B14E2D617B /* Tubify.app */ = {isa = PBXFileReference; explicitFileType = wrapper.application; includeInIndex = 0; path = Tubify.app; sourceTree = BUILT_PRODUCTS_DIR; };
		729614B0A0CFED38AEA1A4CA /* SafariCookiesService.swift */ = {isa = PBXFileReference; lastKnownFileType = sourcecode.swift; path = SafariCookiesService.swift; sourceTree = "<group>"; };
		72AD088C85DB93491D3D0928 /* PremiereErrorParser.swift */ = {isa = PBXFileReference; lastKnownFileType = sourcecode.swift; path = PremiereErrorParser.swift; sourceTree = "<group>"; };
		7B1861C7487DDFADC5E6A40B /* AppSettings.swift */ = {isa = PBXFileReference; lastKnownFileType = sourcecode.swift; path = AppSettings.swift; sourceTree = "<group>"; };
		7DAE150F1AF830DF89DE33B2 /* PremiereErrorParserTests.swift */ = {isa = PBXFileReference; lastKnownFileType = sourcecode.swift; path = PremiereErrorParserTests.swift; sourceTree = "<group>"; };
		80285D6CF9B0E6021ACC8991 /* TubifyTests.xctest */ = {isa = PBXFileReference; explicitFileType = wrapper.cfbundle; includeInIndex = 0; path = TubifyTests.xctest; sourceTree = BUILT_PRODUCTS_DIR; };
		8A9847C5AD0C41FEB8563FC3 /* DownloadTask.swift */ = {isa = PBXFileReference; lastKnownFileType = sourcecode.swift; path = DownloadTask.swift; sourceTree = "<group>"; };
		8C99522A3C5241F5B0BB160A /* DownloadTaskTests.swift */ = {isa = PBXFileReference; lastKnownFileType = sourcecode.swift; path = DownloadTaskTests.swift; sourceTree = "<group>"; };
		90FDB53F7F4996C674F7E7E2 /* EmptyStateView.swift */ = {isa = PBXFileReference; lastKnownFileType = sourcecode.swift; path = EmptyStateView.swift; sourceTree = "<group>"; };
		92B5992FEF733EEB5117091F /* PersistenceService.swift */ = {isa = PBXFileReference; lastKnownFileType = sourcecode.swift; path = PersistenceService.swift; sourceTree = "<group>"; };
		92F4011B6FFCBC1F7193FDD3 /* DownloadItemView.swift */ = {isa = PBXFileReference; lastKnownFileType = sourcecode.swift; path = DownloadItemView.swift; sourceTree = "<group>"; };
		A44ECF8881FAB3E657F8FCAD /* TubifyApp.swift */ = {isa = PBXFileReference; lastKnownFileType = sourcecode.swift; path = TubifyApp.swift; sourceTree = "<group>"; };
		BD110BD56C1F54E7333B92DA /* PermissionService.swift */ = {isa = PBXFileReference; lastKnownFileType = sourcecode.swift; path = PermissionService.swift; sourceTree = "<group>"; };
		E899875AB33A3557093ED50B /* NotificationService.swift */ = {isa = PBXFileReference; lastKnownFileType = sourcecode.swift; path = NotificationService.swift; sourceTree = "<group>"; };
/* End PBXFileReference section */

/* Begin PBXGroup section */
		1142A45E55F4AC9C2402D8C7 /* Products */ = {
			isa = PBXGroup;
			children = (
				6BE1AE51AC18C3B14E2D617B /* Tubify.app */,
				80285D6CF9B0E6021ACC8991 /* TubifyTests.xctest */,
			);
			name = Products;
			sourceTree = "<group>";
		};
		226269206738CDCFA8462CBE /* ViewModels */ = {
			isa = PBXGroup;
			children = (
				0D4F49C12534415A645F3C44 /* DownloadManager.swift */,
			);
			path = ViewModels;
			sourceTree = "<group>";
		};
		24C32407C7EAF15E1F0FC0AF /* Services */ = {
			isa = PBXGroup;
			children = (
				E899875AB33A3557093ED50B /* NotificationService.swift */,
				BD110BD56C1F54E7333B92DA /* PermissionService.swift */,
				92B5992FEF733EEB5117091F /* PersistenceService.swift */,
				729614B0A0CFED38AEA1A4CA /* SafariCookiesService.swift */,
				5E3CBC495E00CB65FBBB39DC /* YouTubeMetadataService.swift */,
				644BFB8F58A30DF3B66C8E4E /* YTDLPService.swift */,
			);
			path = Services;
			sourceTree = "<group>";
		};
		43563DF4047EA3796EF2F867 /* Views */ = {
			isa = PBXGroup;
			children = (
				44C08970ACCDAA7691461E10 /* ContentView.swift */,
				92F4011B6FFCBC1F7193FDD3 /* DownloadItemView.swift */,
				90FDB53F7F4996C674F7E7E2 /* EmptyStateView.swift */,
				345AA1EE74AF5EFA1829B291 /* SettingsView.swift */,
				DA08B7DD769F6C1E83D77AA9 /* Components */,
			);
			path = Views;
			sourceTree = "<group>";
		};
		48AD1280D66E8A85F0DAD7AE /* Utilities */ = {
			isa = PBXGroup;
			children = (
				4C5FE8EA69573F2FB899C4F1 /* Logger.swift */,
				72AD088C85DB93491D3D0928 /* PremiereErrorParser.swift */,
			);
			path = Utilities;
			sourceTree = "<group>";
		};
		5F9C160FF73360FD9ACAE73F = {
			isa = PBXGroup;
			children = (
				F00F48984AA878182469C3D3 /* Tubify */,
				F9A835E124ECFDC87D19F8CC /* TubifyTests */,
				1142A45E55F4AC9C2402D8C7 /* Products */,
			);
			sourceTree = "<group>";
		};
		ABBBD80A98C30C39C352249F /* Models */ = {
			isa = PBXGroup;
			children = (
				7B1861C7487DDFADC5E6A40B /* AppSettings.swift */,
				8A9847C5AD0C41FEB8563FC3 /* DownloadTask.swift */,
			);
			path = Models;
			sourceTree = "<group>";
		};
		DA08B7DD769F6C1E83D77AA9 /* Components */ = {
			isa = PBXGroup;
			children = (
			);
			path = Components;
			sourceTree = "<group>";
		};
		F00F48984AA878182469C3D3 /* Tubify */ = {
			isa = PBXGroup;
			children = (
				A44ECF8881FAB3E657F8FCAD /* TubifyApp.swift */,
				B2C3D4E5F6789012345678A1 /* Assets.xcassets */,
				ABBBD80A98C30C39C352249F /* Models */,
				24C32407C7EAF15E1F0FC0AF /* Services */,
				48AD1280D66E8A85F0DAD7AE /* Utilities */,
				226269206738CDCFA8462CBE /* ViewModels */,
				43563DF4047EA3796EF2F867 /* Views */,
			);
			path = Tubify;
			sourceTree = "<group>";
		};
		F9A835E124ECFDC87D19F8CC /* TubifyTests */ = {
			isa = PBXGroup;
			children = (
				8C99522A3C5241F5B0BB160A /* DownloadTaskTests.swift */,
				7DAE150F1AF830DF89DE33B2 /* PremiereErrorParserTests.swift */,
				27FA3E7C8810E2DD3D783593 /* URLValidationTests.swift */,
				3F614B343FA3EF55C77F02A1 /* YouTubeMetadataServiceTests.swift */,
				551DBCC97D37881B53AA3F66 /* YTDLPServiceTests.swift */,
			);
			path = TubifyTests;
			sourceTree = "<group>";
		};
/* End PBXGroup section */

/* Begin PBXNativeTarget section */
		C668974EDFC52C683AA28284 /* Tubify */ = {
			isa = PBXNativeTarget;
			buildConfigurationList = 1848A2FD75C0DD3B98A7A392 /* Build configuration list for PBXNativeTarget "Tubify" */;
			buildPhases = (
				1BA066688CEA8F9C12CC62F4 /* Sources */,
				C3D4E5F6789012345678A1B2 /* Resources */,
			);
			buildRules = (
			);
			dependencies = (
			);
			name = Tubify;
			packageProductDependencies = (
			);
			productName = Tubify;
			productReference = 6BE1AE51AC18C3B14E2D617B /* Tubify.app */;
			productType = "com.apple.product-type.application";
		};
		F2D5259281E64D46211CA0A0 /* TubifyTests */ = {
			isa = PBXNativeTarget;
			buildConfigurationList = 71EE8E1A76A1E2A34F7528BE /* Build configuration list for PBXNativeTarget "TubifyTests" */;
			buildPhases = (
				0D4AEA32A492B43DB29D8AC7 /* Sources */,
			);
			buildRules = (
			);
			dependencies = (
				00366E0F062E0B8A3D0C32FD /* PBXTargetDependency */,
			);
			name = TubifyTests;
			packageProductDependencies = (
			);
			productName = TubifyTests;
			productReference = 80285D6CF9B0E6021ACC8991 /* TubifyTests.xctest */;
			productType = "com.apple.product-type.bundle.unit-test";
		};
/* End PBXNativeTarget section */

/* Begin PBXProject section */
		32414C707DB10641C87556C0 /* Project object */ = {
			isa = PBXProject;
			attributes = {
				BuildIndependentTargetsInParallel = YES;
				LastUpgradeCheck = 2620;
				TargetAttributes = {
					C668974EDFC52C683AA28284 = {
						ProvisioningStyle = Automatic;
					};
					F2D5259281E64D46211CA0A0 = {
						ProvisioningStyle = Automatic;
					};
				};
			};
			buildConfigurationList = A15977B2A80FF9992F63A313 /* Build configuration list for PBXProject "Tubify" */;
			compatibilityVersion = "Xcode 14.0";
			developmentRegion = en;
			hasScannedForEncodings = 0;
			knownRegions = (
				Base,
				en,
			);
			mainGroup = 5F9C160FF73360FD9ACAE73F;
			minimizedProjectReferenceProxies = 1;
			projectDirPath = "";
			projectRoot = "";
			targets = (
				C668974EDFC52C683AA28284 /* Tubify */,
				F2D5259281E64D46211CA0A0 /* TubifyTests */,
			);
		};
/* End PBXProject section */

/* Begin PBXResourcesBuildPhase section */
		C3D4E5F6789012345678A1B2 /* Resources */ = {
			isa = PBXResourcesBuildPhase;
			buildActionMask = 2147483647;
			files = (
				A1B2C3D4E5F6789012345678 /* Assets.xcassets in Resources */,
			);
			runOnlyForDeploymentPostprocessing = 0;
		};
/* End PBXResourcesBuildPhase section */

/* Begin PBXSourcesBuildPhase section */
		0D4AEA32A492B43DB29D8AC7 /* Sources */ = {
			isa = PBXSourcesBuildPhase;
			buildActionMask = 2147483647;
			files = (
				A5133C8B045F8477AD986E02 /* DownloadTaskTests.swift in Sources */,
				07691B56D9D1D64B3EBD9CB6 /* PremiereErrorParserTests.swift in Sources */,
				96781B6921245C33C992D231 /* URLValidationTests.swift in Sources */,
				8BA95BA87A60E31C7644B309 /* YTDLPServiceTests.swift in Sources */,
				060C5193E130325111314B69 /* YouTubeMetadataServiceTests.swift in Sources */,
			);
			runOnlyForDeploymentPostprocessing = 0;
		};
		1BA066688CEA8F9C12CC62F4 /* Sources */ = {
			isa = PBXSourcesBuildPhase;
			buildActionMask = 2147483647;
			files = (
				74417089AD46AB141DDD3AF5 /* AppSettings.swift in Sources */,
				94F2DB927CAD21242C8680BF /* ContentView.swift in Sources */,
				212AAF34444F4E7456F50B21 /* DownloadItemView.swift in Sources */,
				BD1FE5AAA01D463DA43E76B2 /* DownloadManager.swift in Sources */,
				902E79E3B4284B909393FB2C /* DownloadTask.swift in Sources */,
				F6AF5AD1C0457F8D5C560E40 /* EmptyStateView.swift in Sources */,
				D348C0FAAA322EADA614BA14 /* Logger.swift in Sources */,
				C71926994535505153FC4AEF /* NotificationService.swift in Sources */,
				65CB75E79E8A5D2A50D70F41 /* PermissionService.swift in Sources */,
				FC58597FD186D9CF84D07939 /* PersistenceService.swift in Sources */,
				BCD604B18AFED60EAE3CF48C /* PremiereErrorParser.swift in Sources */,
				888A4ADB770C69D94B881679 /* SafariCookiesService.swift in Sources */,
				25F7A1662ED3A48695BB3824 /* SettingsView.swift in Sources */,
				02C4CE0B1320A67BBF578263 /* TubifyApp.swift in Sources */,
				77F48A65E13C25E4269ABF0E /* YTDLPService.swift in Sources */,
				6160F89C21556B3D4731DDBD /* YouTubeMetadataService.swift in Sources */,
			);
			runOnlyForDeploymentPostprocessing = 0;
		};
/* End PBXSourcesBuildPhase section */

/* Begin PBXTargetDependency section */
		00366E0F062E0B8A3D0C32FD /* PBXTargetDependency */ = {
			isa = PBXTargetDependency;
			target = C668974EDFC52C683AA28284 /* Tubify */;
			targetProxy = 6FF2A0BABB30ECDE2590887A /* PBXContainerItemProxy */;
		};
/* End PBXTargetDependency section */

/* Begin XCBuildConfiguration section */
		077C37DAF5FD4CFDAE121B4C /* Debug */ = {
			isa = XCBuildConfiguration;
			buildSettings = {
				ALWAYS_SEARCH_USER_PATHS = NO;
				CLANG_ANALYZER_NONNULL = YES;
				CLANG_ANALYZER_NUMBER_OBJECT_CONVERSION = YES_AGGRESSIVE;
				CLANG_CXX_LANGUAGE_STANDARD = "gnu++14";
				CLANG_CXX_LIBRARY = "libc++";
				CLANG_ENABLE_MODULES = YES;
				CLANG_ENABLE_OBJC_ARC = YES;
				CLANG_ENABLE_OBJC_WEAK = YES;
				CLANG_WARN_BLOCK_CAPTURE_AUTORELEASING = YES;
				CLANG_WARN_BOOL_CONVERSION = YES;
				CLANG_WARN_COMMA = YES;
				CLANG_WARN_CONSTANT_CONVERSION = YES;
				CLANG_WARN_DEPRECATED_OBJC_IMPLEMENTATIONS = YES;
				CLANG_WARN_DIRECT_OBJC_ISA_USAGE = YES_ERROR;
				CLANG_WARN_DOCUMENTATION_COMMENTS = YES;
				CLANG_WARN_EMPTY_BODY = YES;
				CLANG_WARN_ENUM_CONVERSION = YES;
				CLANG_WARN_INFINITE_RECURSION = YES;
				CLANG_WARN_INT_CONVERSION = YES;
				CLANG_WARN_NON_LITERAL_NULL_CONVERSION = YES;
				CLANG_WARN_OBJC_IMPLICIT_RETAIN_SELF = YES;
				CLANG_WARN_OBJC_LITERAL_CONVERSION = YES;
				CLANG_WARN_OBJC_ROOT_CLASS = YES_ERROR;
				CLANG_WARN_QUOTED_INCLUDE_IN_FRAMEWORK_HEADER = YES;
				CLANG_WARN_RANGE_LOOP_ANALYSIS = YES;
				CLANG_WARN_STRICT_PROTOTYPES = YES;
				CLANG_WARN_SUSPICIOUS_MOVE = YES;
				CLANG_WARN_UNGUARDED_AVAILABILITY = YES_AGGRESSIVE;
				CLANG_WARN_UNREACHABLE_CODE = YES;
				CLANG_WARN__DUPLICATE_METHOD_MATCH = YES;
				CODE_SIGN_STYLE = Automatic;
				COPY_PHASE_STRIP = NO;
				DEAD_CODE_STRIPPING = YES;
				DEBUG_INFORMATION_FORMAT = dwarf;
				ENABLE_HARDENED_RUNTIME = YES;
				ENABLE_STRICT_OBJC_MSGSEND = YES;
				ENABLE_TESTABILITY = YES;
				ENABLE_USER_SCRIPT_SANDBOXING = YES;
				GCC_C_LANGUAGE_STANDARD = gnu11;
				GCC_DYNAMIC_NO_PIC = NO;
				GCC_NO_COMMON_BLOCKS = YES;
				GCC_OPTIMIZATION_LEVEL = 0;
				GCC_PREPROCESSOR_DEFINITIONS = (
					"$(inherited)",
					"DEBUG=1",
				);
				GCC_WARN_64_TO_32_BIT_CONVERSION = YES;
				GCC_WARN_ABOUT_RETURN_TYPE = YES_ERROR;
				GCC_WARN_UNDECLARED_SELECTOR = YES;
				GCC_WARN_UNINITIALIZED_AUTOS = YES_AGGRESSIVE;
				GCC_WARN_UNUSED_FUNCTION = YES;
				GCC_WARN_UNUSED_VARIABLE = YES;
				MACOSX_DEPLOYMENT_TARGET = 14.0;
				MTL_ENABLE_DEBUG_INFO = INCLUDE_SOURCE;
				MTL_FAST_MATH = YES;
				ONLY_ACTIVE_ARCH = YES;
				PRODUCT_NAME = "$(TARGET_NAME)";
				SDKROOT = macosx;
				STRING_CATALOG_GENERATE_SYMBOLS = YES;
				SWIFT_ACTIVE_COMPILATION_CONDITIONS = DEBUG;
				SWIFT_OPTIMIZATION_LEVEL = "-Onone";
				SWIFT_VERSION = 5.9;
			};
			name = Debug;
		};
		2DD312B4736E8651F56CE512 /* Debug */ = {
			isa = XCBuildConfiguration;
			buildSettings = {
				BUNDLE_LOADER = "$(TEST_HOST)";
				COMBINE_HIDPI_IMAGES = YES;
				DEAD_CODE_STRIPPING = YES;
				GENERATE_INFOPLIST_FILE = YES;
				LD_RUNPATH_SEARCH_PATHS = (
					"$(inherited)",
					"@executable_path/../Frameworks",
					"@loader_path/../Frameworks",
				);
				PRODUCT_BUNDLE_IDENTIFIER = com.tubify.tests;
				PRODUCT_NAME = TubifyTests;
				SDKROOT = macosx;
				TEST_HOST = "$(BUILT_PRODUCTS_DIR)/Tubify.app/Contents/MacOS/Tubify";
			};
			name = Debug;
		};
		41C91CD24DB165D08B4738F2 /* Release */ = {
			isa = XCBuildConfiguration;
			buildSettings = {
				ALWAYS_SEARCH_USER_PATHS = NO;
				CLANG_ANALYZER_NONNULL = YES;
				CLANG_ANALYZER_NUMBER_OBJECT_CONVERSION = YES_AGGRESSIVE;
				CLANG_CXX_LANGUAGE_STANDARD = "gnu++14";
				CLANG_CXX_LIBRARY = "libc++";
				CLANG_ENABLE_MODULES = YES;
				CLANG_ENABLE_OBJC_ARC = YES;
				CLANG_ENABLE_OBJC_WEAK = YES;
				CLANG_WARN_BLOCK_CAPTURE_AUTORELEASING = YES;
				CLANG_WARN_BOOL_CONVERSION = YES;
				CLANG_WARN_COMMA = YES;
				CLANG_WARN_CONSTANT_CONVERSION = YES;
				CLANG_WARN_DEPRECATED_OBJC_IMPLEMENTATIONS = YES;
				CLANG_WARN_DIRECT_OBJC_ISA_USAGE = YES_ERROR;
				CLANG_WARN_DOCUMENTATION_COMMENTS = YES;
				CLANG_WARN_EMPTY_BODY = YES;
				CLANG_WARN_ENUM_CONVERSION = YES;
				CLANG_WARN_INFINITE_RECURSION = YES;
				CLANG_WARN_INT_CONVERSION = YES;
				CLANG_WARN_NON_LITERAL_NULL_CONVERSION = YES;
				CLANG_WARN_OBJC_IMPLICIT_RETAIN_SELF = YES;
				CLANG_WARN_OBJC_LITERAL_CONVERSION = YES;
				CLANG_WARN_OBJC_ROOT_CLASS = YES_ERROR;
				CLANG_WARN_QUOTED_INCLUDE_IN_FRAMEWORK_HEADER = YES;
				CLANG_WARN_RANGE_LOOP_ANALYSIS = YES;
				CLANG_WARN_STRICT_PROTOTYPES = YES;
				CLANG_WARN_SUSPICIOUS_MOVE = YES;
				CLANG_WARN_UNGUARDED_AVAILABILITY = YES_AGGRESSIVE;
				CLANG_WARN_UNREACHABLE_CODE = YES;
				CLANG_WARN__DUPLICATE_METHOD_MATCH = YES;
				CODE_SIGN_STYLE = Automatic;
				COPY_PHASE_STRIP = NO;
				DEAD_CODE_STRIPPING = YES;
				DEBUG_INFORMATION_FORMAT = "dwarf-with-dsym";
				ENABLE_HARDENED_RUNTIME = YES;
				ENABLE_NS_ASSERTIONS = NO;
				ENABLE_STRICT_OBJC_MSGSEND = YES;
				ENABLE_USER_SCRIPT_SANDBOXING = YES;
				GCC_C_LANGUAGE_STANDARD = gnu11;
				GCC_NO_COMMON_BLOCKS = YES;
				GCC_WARN_64_TO_32_BIT_CONVERSION = YES;
				GCC_WARN_ABOUT_RETURN_TYPE = YES_ERROR;
				GCC_WARN_UNDECLARED_SELECTOR = YES;
				GCC_WARN_UNINITIALIZED_AUTOS = YES_AGGRESSIVE;
				GCC_WARN_UNUSED_FUNCTION = YES;
				GCC_WARN_UNUSED_VARIABLE = YES;
				MACOSX_DEPLOYMENT_TARGET = 14.0;
				MTL_ENABLE_DEBUG_INFO = NO;
				MTL_FAST_MATH = YES;
				PRODUCT_NAME = "$(TARGET_NAME)";
				SDKROOT = macosx;
				STRING_CATALOG_GENERATE_SYMBOLS = YES;
				SWIFT_COMPILATION_MODE = wholemodule;
				SWIFT_OPTIMIZATION_LEVEL = "-O";
				SWIFT_VERSION = 5.9;
			};
			name = Release;
		};
		8F30EAC892CBA39A0D6D8107 /* Release */ = {
			isa = XCBuildConfiguration;
			buildSettings = {
				BUNDLE_LOADER = "$(TEST_HOST)";
				COMBINE_HIDPI_IMAGES = YES;
				DEAD_CODE_STRIPPING = YES;
				GENERATE_INFOPLIST_FILE = YES;
				LD_RUNPATH_SEARCH_PATHS = (
					"$(inherited)",
					"@executable_path/../Frameworks",
					"@loader_path/../Frameworks",
				);
				PRODUCT_BUNDLE_IDENTIFIER = com.tubify.tests;
				PRODUCT_NAME = TubifyTests;
				SDKROOT = macosx;
				TEST_HOST = "$(BUILT_PRODUCTS_DIR)/Tubify.app/Contents/MacOS/Tubify";
			};
			name = Release;
		};
		BDB0DDCC0E88915F392BF4B4 /* Release */ = {
			isa = XCBuildConfiguration;
			buildSettings = {
				ASSETCATALOG_COMPILER_APPICON_NAME = AppIcon;
				CODE_SIGN_ENTITLEMENTS = Tubify/Tubify.entitlements;
				COMBINE_HIDPI_IMAGES = YES;
				CURRENT_PROJECT_VERSION = 1;
				DEAD_CODE_STRIPPING = YES;
				ENABLE_APP_SANDBOX = NO;
				ENABLE_OUTGOING_NETWORK_CONNECTIONS = YES;
				ENABLE_USER_SELECTED_FILES = readwrite;
				INFOPLIST_FILE = Tubify/Info.plist;
				LD_RUNPATH_SEARCH_PATHS = (
					"$(inherited)",
					"@executable_path/../Frameworks",
				);
				MARKETING_VERSION = 1.0.0;
				PRODUCT_BUNDLE_IDENTIFIER = com.tubify.app;
				PRODUCT_NAME = Tubify;
				SDKROOT = macosx;
			};
			name = Release;
		};
		CCC91ACC527737F912BCF3E7 /* Debug */ = {
			isa = XCBuildConfiguration;
			buildSettings = {
				ASSETCATALOG_COMPILER_APPICON_NAME = AppIcon;
				CODE_SIGN_ENTITLEMENTS = Tubify/Tubify.entitlements;
				COMBINE_HIDPI_IMAGES = YES;
				CURRENT_PROJECT_VERSION = 1;
				DEAD_CODE_STRIPPING = YES;
				ENABLE_APP_SANDBOX = NO;
				ENABLE_OUTGOING_NETWORK_CONNECTIONS = YES;
				ENABLE_USER_SELECTED_FILES = readwrite;
				INFOPLIST_FILE = Tubify/Info.plist;
				LD_RUNPATH_SEARCH_PATHS = (
					"$(inherited)",
					"@executable_path/../Frameworks",
				);
				MARKETING_VERSION = 1.0.0;
				PRODUCT_BUNDLE_IDENTIFIER = com.tubify.app;
				PRODUCT_NAME = Tubify;
				SDKROOT = macosx;
			};
			name = Debug;
		};
/* End XCBuildConfiguration section */

/* Begin XCConfigurationList section */
		1848A2FD75C0DD3B98A7A392 /* Build configuration list for PBXNativeTarget "Tubify" */ = {
			isa = XCConfigurationList;
			buildConfigurations = (
				CCC91ACC527737F912BCF3E7 /* Debug */,
				BDB0DDCC0E88915F392BF4B4 /* Release */,
			);
			defaultConfigurationIsVisible = 0;
			defaultConfigurationName = Debug;
		};
		71EE8E1A76A1E2A34F7528BE /* Build configuration list for PBXNativeTarget "TubifyTests" */ = {
			isa = XCConfigurationList;
			buildConfigurations = (
				2DD312B4736E8651F56CE512 /* Debug */,
				8F30EAC892CBA39A0D6D8107 /* Release */,
			);
			defaultConfigurationIsVisible = 0;
			defaultConfigurationName = Debug;
		};
		A15977B2A80FF9992F63A313 /* Build configuration list for PBXProject "Tubify" */ = {
			isa = XCConfigurationList;
			buildConfigurations = (
				077C37DAF5FD4CFDAE121B4C /* Debug */,
				41C91CD24DB165D08B4738F2 /* Release */,
			);
			defaultConfigurationIsVisible = 0;
			defaultConfigurationName = Debug;
		};
/* End XCConfigurationList section */
	};
	rootObject = 32414C707DB10641C87556C0 /* Project object */;
}
